
Microsoft Visual Studio Solution File, Format Version 12.00
# Visual Studio Version 16
VisualStudioVersion = 16.0.29324.140
MinimumVisualStudioVersion = 10.0.40219.1
Project("{9A19103F-16F7-4668-BE54-9A1E7A4F7556}") = "Digitteck.Gateway.TestApi.Api", "Digitteck.Gateway.TestApi.Api\Digitteck.Gateway.TestApi.Api.csproj", "{A9155718-355B-4EEF-874F-B9604087BE2D}"
EndProject
Project("{9A19103F-16F7-4668-BE54-9A1E7A4F7556}") = "Digitteck.Gateway.Service", "Digitteck.Gateway.Service\Digitteck.Gateway.Service.csproj", "{2595E952-8F7D-4B8C-9D36-E908F0BE73E7}"
EndProject
Project("{9A19103F-16F7-4668-BE54-9A1E7A4F7556}") = "Digitteck.Gateway.Tests", "Digitteck.Gateway.Tests\Digitteck.Gateway.Tests.csproj", "{0C4939C6-0593-4828-B995-4203C6AC20D1}"
EndProject
Project("{9A19103F-16F7-4668-BE54-9A1E7A4F7556}") = "Digitteck.Gateway.DataMapper", "Digitteck.Gateway.DataMapper\Digitteck.Gateway.DataMapper.csproj", "{4FE19871-6E98-4879-B09D-C8B88F2574C9}"
EndProject
Project("{9A19103F-16F7-4668-BE54-9A1E7A4F7556}") = "Digitteck.Gateway.TestApi.Movies", "Digitteck.Gateway.TestApi.Movies\Digitteck.Gateway.TestApi.Movies.csproj", "{5E157CA8-445B-42F7-ABA7-CA367AB1F8F3}"
EndProject
Global
	GlobalSection(SolutionConfigurationPlatforms) = preSolution
		Debug|x64 = Debug|x64
		Release|x64 = Release|x64
	EndGlobalSection
	GlobalSection(ProjectConfigurationPlatforms) = postSolution
		{A9155718-355B-4EEF-874F-B9604087BE2D}.Debug|x64.ActiveCfg = Debug|x64
		{A9155718-355B-4EEF-874F-B9604087BE2D}.Debug|x64.Build.0 = Debug|x64
		{A9155718-355B-4EEF-874F-B9604087BE2D}.Release|x64.ActiveCfg = Release|x64
		{A9155718-355B-4EEF-874F-B9604087BE2D}.Release|x64.Build.0 = Release|x64
		{2595E952-8F7D-4B8C-9D36-E908F0BE73E7}.Debug|x64.ActiveCfg = Debug|x64
		{2595E952-8F7D-4B8C-9D36-E908F0BE73E7}.Debug|x64.Build.0 = Debug|x64
		{2595E952-8F7D-4B8C-9D36-E908F0BE73E7}.Release|x64.ActiveCfg = Release|x64
		{2595E952-8F7D-4B8C-9D36-E908F0BE73E7}.Release|x64.Build.0 = Release|x64
		{0C4939C6-0593-4828-B995-4203C6AC20D1}.Debug|x64.ActiveCfg = Debug|x64
		{0C4939C6-0593-4828-B995-4203C6AC20D1}.Debug|x64.Build.0 = Debug|x64
		{0C4939C6-0593-4828-B995-4203C6AC20D1}.Release|x64.ActiveCfg = Release|x64
		{0C4939C6-0593-4828-B995-4203C6AC20D1}.Release|x64.Build.0 = Release|x64
		{4FE19871-6E98-4879-B09D-C8B88F2574C9}.Debug|x64.ActiveCfg = Debug|x64
		{4FE19871-6E98-4879-B09D-C8B88F2574C9}.Debug|x64.Build.0 = Debug|x64
		{4FE19871-6E98-4879-B09D-C8B88F2574C9}.Release|x64.ActiveCfg = Release|x64
		{4FE19871-6E98-4879-B09D-C8B88F2574C9}.Release|x64.Build.0 = Release|x64
		{5E157CA8-445B-42F7-ABA7-CA367AB1F8F3}.Debug|x64.ActiveCfg = Debug|x64
		{5E157CA8-445B-42F7-ABA7-CA367AB1F8F3}.Debug|x64.Build.0 = Debug|x64
		{5E157CA8-445B-42F7-ABA7-CA367AB1F8F3}.Release|x64.ActiveCfg = Release|x64
		{5E157CA8-445B-42F7-ABA7-CA367AB1F8F3}.Release|x64.Build.0 = Release|x64
	EndGlobalSection
	GlobalSection(SolutionProperties) = preSolution
		HideSolutionNode = FALSE
	EndGlobalSection
	GlobalSection(ExtensibilityGlobals) = postSolution
		SolutionGuid = {BE244FE0-EB2A-449D-A186-D51B242FE444}
	EndGlobalSection
EndGlobal
